
Microsoft Visual Studio Solution File, Format Version 12.00
# Visual Studio Version 17
VisualStudioVersion = 17.14.36212.18 d17.14
MinimumVisualStudioVersion = 10.0.40219.1
Project("{FAE04EC0-301F-11D3-BF4B-00C04F79EFBC}") = "EfcTemplate", "EfcTemplate.csproj", "{E773E8C4-6448-4B0A-9079-0725FBD83D24}"
EndProject
Global
	GlobalSection(SolutionConfigurationPlatforms) = preSolution
		Debug|Any CPU = Debug|Any CPU
		Release|Any CPU = Release|Any CPU
	EndGlobalSection
	GlobalSection(ProjectConfigurationPlatforms) = postSolution
		{E773E8C4-6448-4B0A-9079-0725FBD83D24}.Debug|Any CPU.ActiveCfg = Debug|Any CPU
		{E773E8C4-6448-4B0A-9079-0725FBD83D24}.Debug|Any CPU.Build.0 = Debug|Any CPU
		{E773E8C4-6448-4B0A-9079-0725FBD83D24}.Release|Any CPU.ActiveCfg = Release|Any CPU
		{E773E8C4-6448-4B0A-9079-0725FBD83D24}.Release|Any CPU.Build.0 = Release|Any CPU
	EndGlobalSection
	GlobalSection(SolutionProperties) = preSolution
		HideSolutionNode = FALSE
	EndGlobalSection
	GlobalSection(ExtensibilityGlobals) = postSolution
		SolutionGuid = {842D1A0A-0F2E-412E-B3F2-7A8EBACDFC58}
	EndGlobalSection
EndGlobal
