
Microsoft Visual Studio Solution File, Format Version 12.00
# Visual Studio Version 17
VisualStudioVersion = 17.14.36221.1 d17.14
MinimumVisualStudioVersion = 10.0.40219.1
Project("{FAE04EC0-301F-11D3-BF4B-00C04F79EFBC}") = "ConsoleApp1", "ConsoleApp1\ConsoleApp1.csproj", "{525DB214-9F23-4E84-AC2F-E05B26C0D7CB}"
EndProject
Global
	GlobalSection(SolutionConfigurationPlatforms) = preSolution
		Debug|Any CPU = Debug|Any CPU
		Release|Any CPU = Release|Any CPU
	EndGlobalSection
	GlobalSection(ProjectConfigurationPlatforms) = postSolution
		{525DB214-9F23-4E84-AC2F-E05B26C0D7CB}.Debug|Any CPU.ActiveCfg = Debug|Any CPU
		{525DB214-9F23-4E84-AC2F-E05B26C0D7CB}.Debug|Any CPU.Build.0 = Debug|Any CPU
		{525DB214-9F23-4E84-AC2F-E05B26C0D7CB}.Release|Any CPU.ActiveCfg = Release|Any CPU
		{525DB214-9F23-4E84-AC2F-E05B26C0D7CB}.Release|Any CPU.Build.0 = Release|Any CPU
	EndGlobalSection
	GlobalSection(SolutionProperties) = preSolution
		HideSolutionNode = FALSE
	EndGlobalSection
	GlobalSection(ExtensibilityGlobals) = postSolution
		SolutionGuid = {217F4E7B-F92E-4B47-B8F0-DD7B5039C5E4}
	EndGlobalSection
EndGlobal
