
Microsoft Visual Studio Solution File, Format Version 12.00
# Visual Studio Version 17
VisualStudioVersion = 17.14.36221.1
MinimumVisualStudioVersion = 10.0.40219.1
Project("{FAE04EC0-301F-11D3-BF4B-00C04F79EFBC}") = "ConsoleApp1", "ConsoleApp1\ConsoleApp1.csproj", "{525DB214-9F23-4E84-AC2F-E05B26C0D7CB}"
EndProject
Project("{FAE04EC0-301F-11D3-BF4B-00C04F79EFBC}") = "assignmentsSofar", "assignmentsSofar\assignmentsSofar.csproj", "{622E8F5C-1FE6-4BE1-8D2E-90509AC2AB67}"
EndProject
Project("{FAE04EC0-301F-11D3-BF4B-00C04F79EFBC}") = "DelegatesAndLINQ", "DelegatesAndLINQ\DelegatesAndLINQ.csproj", "{2D1DE5C1-2009-4C82-A7E9-597D941C27ED}"
EndProject
Project("{FAE04EC0-301F-11D3-BF4B-00C04F79EFBC}") = "ThreadsAndTuples", "ThreadsAndTuples\ThreadsAndTuples.csproj", "{7E455A19-7FD4-448E-9095-AF21F00D3448}"
EndProject
Global
	GlobalSection(SolutionConfigurationPlatforms) = preSolution
		Debug|Any CPU = Debug|Any CPU
		Release|Any CPU = Release|Any CPU
	EndGlobalSection
	GlobalSection(ProjectConfigurationPlatforms) = postSolution
		{525DB214-9F23-4E84-AC2F-E05B26C0D7CB}.Debug|Any CPU.ActiveCfg = Debug|Any CPU
		{525DB214-9F23-4E84-AC2F-E05B26C0D7CB}.Debug|Any CPU.Build.0 = Debug|Any CPU
		{525DB214-9F23-4E84-AC2F-E05B26C0D7CB}.Release|Any CPU.ActiveCfg = Release|Any CPU
		{525DB214-9F23-4E84-AC2F-E05B26C0D7CB}.Release|Any CPU.Build.0 = Release|Any CPU
		{622E8F5C-1FE6-4BE1-8D2E-90509AC2AB67}.Debug|Any CPU.ActiveCfg = Debug|Any CPU
		{622E8F5C-1FE6-4BE1-8D2E-90509AC2AB67}.Debug|Any CPU.Build.0 = Debug|Any CPU
		{622E8F5C-1FE6-4BE1-8D2E-90509AC2AB67}.Release|Any CPU.ActiveCfg = Release|Any CPU
		{622E8F5C-1FE6-4BE1-8D2E-90509AC2AB67}.Release|Any CPU.Build.0 = Release|Any CPU
		{2D1DE5C1-2009-4C82-A7E9-597D941C27ED}.Debug|Any CPU.ActiveCfg = Debug|Any CPU
		{2D1DE5C1-2009-4C82-A7E9-597D941C27ED}.Debug|Any CPU.Build.0 = Debug|Any CPU
		{2D1DE5C1-2009-4C82-A7E9-597D941C27ED}.Release|Any CPU.ActiveCfg = Release|Any CPU
		{2D1DE5C1-2009-4C82-A7E9-597D941C27ED}.Release|Any CPU.Build.0 = Release|Any CPU
		{7E455A19-7FD4-448E-9095-AF21F00D3448}.Debug|Any CPU.ActiveCfg = Debug|Any CPU
		{7E455A19-7FD4-448E-9095-AF21F00D3448}.Debug|Any CPU.Build.0 = Debug|Any CPU
		{7E455A19-7FD4-448E-9095-AF21F00D3448}.Release|Any CPU.ActiveCfg = Release|Any CPU
		{7E455A19-7FD4-448E-9095-AF21F00D3448}.Release|Any CPU.Build.0 = Release|Any CPU
	EndGlobalSection
	GlobalSection(SolutionProperties) = preSolution
		HideSolutionNode = FALSE
	EndGlobalSection
	GlobalSection(ExtensibilityGlobals) = postSolution
		SolutionGuid = {217F4E7B-F92E-4B47-B8F0-DD7B5039C5E4}
	EndGlobalSection
EndGlobal
