
Microsoft Visual Studio Solution File, Format Version 12.00
# Visual Studio Version 17
VisualStudioVersion = 17.14.36221.1 d17.14
MinimumVisualStudioVersion = 10.0.40219.1
Project("{FAE04EC0-301F-11D3-BF4B-00C04F79EFBC}") = "ExamQuestion1", "ExamQuestion1\ExamQuestion1.csproj", "{8C308B27-ADE7-4F13-A57B-E6FE0065077E}"
EndProject
Global
	GlobalSection(SolutionConfigurationPlatforms) = preSolution
		Debug|Any CPU = Debug|Any CPU
		Release|Any CPU = Release|Any CPU
	EndGlobalSection
	GlobalSection(ProjectConfigurationPlatforms) = postSolution
		{8C308B27-ADE7-4F13-A57B-E6FE0065077E}.Debug|Any CPU.ActiveCfg = Debug|Any CPU
		{8C308B27-ADE7-4F13-A57B-E6FE0065077E}.Debug|Any CPU.Build.0 = Debug|Any CPU
		{8C308B27-ADE7-4F13-A57B-E6FE0065077E}.Release|Any CPU.ActiveCfg = Release|Any CPU
		{8C308B27-ADE7-4F13-A57B-E6FE0065077E}.Release|Any CPU.Build.0 = Release|Any CPU
	EndGlobalSection
	GlobalSection(SolutionProperties) = preSolution
		HideSolutionNode = FALSE
	EndGlobalSection
	GlobalSection(ExtensibilityGlobals) = postSolution
		SolutionGuid = {38A42EB1-5579-4139-8AC9-DC5BCBF303AD}
	EndGlobalSection
EndGlobal
